
Microsoft Visual Studio Solution File, Format Version 12.00
# Visual Studio Version 16
VisualStudioVersion = 16.0.30717.126
MinimumVisualStudioVersion = 15.0.26124.0
Project("{6EC3EE1D-3C4E-46DD-8F32-0CC8E7565705}") = "Day1", "Day1\Day1.fsproj", "{7DB5FA5C-18CB-436E-A93F-CB0B6100EC12}"
EndProject
Project("{F2A71F9B-5D33-465A-A702-920D77279786}") = "Day2", "Day2\Day2.fsproj", "{683C1B58-68CD-4DA6-A563-CD4A05185DBA}"
EndProject
Project("{F2A71F9B-5D33-465A-A702-920D77279786}") = "Day3", "Day3\Day3.fsproj", "{485D15C0-7E39-45D7-8461-0F92DF7F4884}"
EndProject
Project("{F2A71F9B-5D33-465A-A702-920D77279786}") = "Day4", "Day4\Day4.fsproj", "{0F581C99-19E9-4053-907B-DB0A1794A405}"
EndProject
Project("{F2A71F9B-5D33-465A-A702-920D77279786}") = "Day5", "Day5\Day5.fsproj", "{260B8204-D0A3-42A8-9669-5A36E0865191}"
EndProject
Project("{F2A71F9B-5D33-465A-A702-920D77279786}") = "Day6", "Day6\Day6.fsproj", "{F232843D-0C9C-441E-84F9-75B93F283902}"
EndProject
Project("{F2A71F9B-5D33-465A-A702-920D77279786}") = "Day7", "Day7\Day7.fsproj", "{97552FC4-DAD9-4DC0-9657-97DE24F759A7}"
EndProject
Project("{F2A71F9B-5D33-465A-A702-920D77279786}") = "Day8", "Day8\Day8.fsproj", "{732C0184-7585-4C39-AD0C-70F426E624EB}"
EndProject
Project("{F2A71F9B-5D33-465A-A702-920D77279786}") = "Day9", "Day9\Day9.fsproj", "{8945FA92-4504-4237-99FE-E078997E0324}"
EndProject
Project("{F2A71F9B-5D33-465A-A702-920D77279786}") = "Day10", "Day10\Day10.fsproj", "{FAA9ED65-7DCC-439D-8A9A-EDE7241EBA48}"
EndProject
Project("{F2A71F9B-5D33-465A-A702-920D77279786}") = "Day14", "Day14\Day14.fsproj", "{7EDAC94D-8082-4029-911A-6B23EB43B7C1}"
EndProject
Project("{F2A71F9B-5D33-465A-A702-920D77279786}") = "Day15", "Day15\Day15.fsproj", "{3D2AED9F-AFAF-498B-A069-7DEE4E023068}"
EndProject
Project("{F2A71F9B-5D33-465A-A702-920D77279786}") = "Day16", "Day16\Day16.fsproj", "{33A08E76-44EF-4A3F-9AC8-CD44BB85180D}"
EndProject
Global
	GlobalSection(SolutionConfigurationPlatforms) = preSolution
		Debug|Any CPU = Debug|Any CPU
		Debug|x64 = Debug|x64
		Debug|x86 = Debug|x86
		Release|Any CPU = Release|Any CPU
		Release|x64 = Release|x64
		Release|x86 = Release|x86
	EndGlobalSection
	GlobalSection(ProjectConfigurationPlatforms) = postSolution
		{7DB5FA5C-18CB-436E-A93F-CB0B6100EC12}.Debug|Any CPU.ActiveCfg = Debug|Any CPU
		{7DB5FA5C-18CB-436E-A93F-CB0B6100EC12}.Debug|Any CPU.Build.0 = Debug|Any CPU
		{7DB5FA5C-18CB-436E-A93F-CB0B6100EC12}.Debug|x64.ActiveCfg = Debug|Any CPU
		{7DB5FA5C-18CB-436E-A93F-CB0B6100EC12}.Debug|x64.Build.0 = Debug|Any CPU
		{7DB5FA5C-18CB-436E-A93F-CB0B6100EC12}.Debug|x86.ActiveCfg = Debug|Any CPU
		{7DB5FA5C-18CB-436E-A93F-CB0B6100EC12}.Debug|x86.Build.0 = Debug|Any CPU
		{7DB5FA5C-18CB-436E-A93F-CB0B6100EC12}.Release|Any CPU.ActiveCfg = Release|Any CPU
		{7DB5FA5C-18CB-436E-A93F-CB0B6100EC12}.Release|Any CPU.Build.0 = Release|Any CPU
		{7DB5FA5C-18CB-436E-A93F-CB0B6100EC12}.Release|x64.ActiveCfg = Release|Any CPU
		{7DB5FA5C-18CB-436E-A93F-CB0B6100EC12}.Release|x64.Build.0 = Release|Any CPU
		{7DB5FA5C-18CB-436E-A93F-CB0B6100EC12}.Release|x86.ActiveCfg = Release|Any CPU
		{7DB5FA5C-18CB-436E-A93F-CB0B6100EC12}.Release|x86.Build.0 = Release|Any CPU
		{683C1B58-68CD-4DA6-A563-CD4A05185DBA}.Debug|Any CPU.ActiveCfg = Debug|Any CPU
		{683C1B58-68CD-4DA6-A563-CD4A05185DBA}.Debug|Any CPU.Build.0 = Debug|Any CPU
		{683C1B58-68CD-4DA6-A563-CD4A05185DBA}.Debug|x64.ActiveCfg = Debug|Any CPU
		{683C1B58-68CD-4DA6-A563-CD4A05185DBA}.Debug|x64.Build.0 = Debug|Any CPU
		{683C1B58-68CD-4DA6-A563-CD4A05185DBA}.Debug|x86.ActiveCfg = Debug|Any CPU
		{683C1B58-68CD-4DA6-A563-CD4A05185DBA}.Debug|x86.Build.0 = Debug|Any CPU
		{683C1B58-68CD-4DA6-A563-CD4A05185DBA}.Release|Any CPU.ActiveCfg = Release|Any CPU
		{683C1B58-68CD-4DA6-A563-CD4A05185DBA}.Release|Any CPU.Build.0 = Release|Any CPU
		{683C1B58-68CD-4DA6-A563-CD4A05185DBA}.Release|x64.ActiveCfg = Release|Any CPU
		{683C1B58-68CD-4DA6-A563-CD4A05185DBA}.Release|x64.Build.0 = Release|Any CPU
		{683C1B58-68CD-4DA6-A563-CD4A05185DBA}.Release|x86.ActiveCfg = Release|Any CPU
		{683C1B58-68CD-4DA6-A563-CD4A05185DBA}.Release|x86.Build.0 = Release|Any CPU
		{485D15C0-7E39-45D7-8461-0F92DF7F4884}.Debug|Any CPU.ActiveCfg = Debug|Any CPU
		{485D15C0-7E39-45D7-8461-0F92DF7F4884}.Debug|Any CPU.Build.0 = Debug|Any CPU
		{485D15C0-7E39-45D7-8461-0F92DF7F4884}.Debug|x64.ActiveCfg = Debug|Any CPU
		{485D15C0-7E39-45D7-8461-0F92DF7F4884}.Debug|x64.Build.0 = Debug|Any CPU
		{485D15C0-7E39-45D7-8461-0F92DF7F4884}.Debug|x86.ActiveCfg = Debug|Any CPU
		{485D15C0-7E39-45D7-8461-0F92DF7F4884}.Debug|x86.Build.0 = Debug|Any CPU
		{485D15C0-7E39-45D7-8461-0F92DF7F4884}.Release|Any CPU.ActiveCfg = Release|Any CPU
		{485D15C0-7E39-45D7-8461-0F92DF7F4884}.Release|Any CPU.Build.0 = Release|Any CPU
		{485D15C0-7E39-45D7-8461-0F92DF7F4884}.Release|x64.ActiveCfg = Release|Any CPU
		{485D15C0-7E39-45D7-8461-0F92DF7F4884}.Release|x64.Build.0 = Release|Any CPU
		{485D15C0-7E39-45D7-8461-0F92DF7F4884}.Release|x86.ActiveCfg = Release|Any CPU
		{485D15C0-7E39-45D7-8461-0F92DF7F4884}.Release|x86.Build.0 = Release|Any CPU
		{0F581C99-19E9-4053-907B-DB0A1794A405}.Debug|Any CPU.ActiveCfg = Debug|Any CPU
		{0F581C99-19E9-4053-907B-DB0A1794A405}.Debug|Any CPU.Build.0 = Debug|Any CPU
		{0F581C99-19E9-4053-907B-DB0A1794A405}.Debug|x64.ActiveCfg = Debug|Any CPU
		{0F581C99-19E9-4053-907B-DB0A1794A405}.Debug|x64.Build.0 = Debug|Any CPU
		{0F581C99-19E9-4053-907B-DB0A1794A405}.Debug|x86.ActiveCfg = Debug|Any CPU
		{0F581C99-19E9-4053-907B-DB0A1794A405}.Debug|x86.Build.0 = Debug|Any CPU
		{0F581C99-19E9-4053-907B-DB0A1794A405}.Release|Any CPU.ActiveCfg = Release|Any CPU
		{0F581C99-19E9-4053-907B-DB0A1794A405}.Release|Any CPU.Build.0 = Release|Any CPU
		{0F581C99-19E9-4053-907B-DB0A1794A405}.Release|x64.ActiveCfg = Release|Any CPU
		{0F581C99-19E9-4053-907B-DB0A1794A405}.Release|x64.Build.0 = Release|Any CPU
		{0F581C99-19E9-4053-907B-DB0A1794A405}.Release|x86.ActiveCfg = Release|Any CPU
		{0F581C99-19E9-4053-907B-DB0A1794A405}.Release|x86.Build.0 = Release|Any CPU
		{260B8204-D0A3-42A8-9669-5A36E0865191}.Debug|Any CPU.ActiveCfg = Debug|Any CPU
		{260B8204-D0A3-42A8-9669-5A36E0865191}.Debug|Any CPU.Build.0 = Debug|Any CPU
		{260B8204-D0A3-42A8-9669-5A36E0865191}.Debug|x64.ActiveCfg = Debug|Any CPU
		{260B8204-D0A3-42A8-9669-5A36E0865191}.Debug|x64.Build.0 = Debug|Any CPU
		{260B8204-D0A3-42A8-9669-5A36E0865191}.Debug|x86.ActiveCfg = Debug|Any CPU
		{260B8204-D0A3-42A8-9669-5A36E0865191}.Debug|x86.Build.0 = Debug|Any CPU
		{260B8204-D0A3-42A8-9669-5A36E0865191}.Release|Any CPU.ActiveCfg = Release|Any CPU
		{260B8204-D0A3-42A8-9669-5A36E0865191}.Release|Any CPU.Build.0 = Release|Any CPU
		{260B8204-D0A3-42A8-9669-5A36E0865191}.Release|x64.ActiveCfg = Release|Any CPU
		{260B8204-D0A3-42A8-9669-5A36E0865191}.Release|x64.Build.0 = Release|Any CPU
		{260B8204-D0A3-42A8-9669-5A36E0865191}.Release|x86.ActiveCfg = Release|Any CPU
		{260B8204-D0A3-42A8-9669-5A36E0865191}.Release|x86.Build.0 = Release|Any CPU
		{F232843D-0C9C-441E-84F9-75B93F283902}.Debug|Any CPU.ActiveCfg = Debug|Any CPU
		{F232843D-0C9C-441E-84F9-75B93F283902}.Debug|Any CPU.Build.0 = Debug|Any CPU
		{F232843D-0C9C-441E-84F9-75B93F283902}.Debug|x64.ActiveCfg = Debug|Any CPU
		{F232843D-0C9C-441E-84F9-75B93F283902}.Debug|x64.Build.0 = Debug|Any CPU
		{F232843D-0C9C-441E-84F9-75B93F283902}.Debug|x86.ActiveCfg = Debug|Any CPU
		{F232843D-0C9C-441E-84F9-75B93F283902}.Debug|x86.Build.0 = Debug|Any CPU
		{F232843D-0C9C-441E-84F9-75B93F283902}.Release|Any CPU.ActiveCfg = Release|Any CPU
		{F232843D-0C9C-441E-84F9-75B93F283902}.Release|Any CPU.Build.0 = Release|Any CPU
		{F232843D-0C9C-441E-84F9-75B93F283902}.Release|x64.ActiveCfg = Release|Any CPU
		{F232843D-0C9C-441E-84F9-75B93F283902}.Release|x64.Build.0 = Release|Any CPU
		{F232843D-0C9C-441E-84F9-75B93F283902}.Release|x86.ActiveCfg = Release|Any CPU
		{F232843D-0C9C-441E-84F9-75B93F283902}.Release|x86.Build.0 = Release|Any CPU
		{97552FC4-DAD9-4DC0-9657-97DE24F759A7}.Debug|Any CPU.ActiveCfg = Debug|Any CPU
		{97552FC4-DAD9-4DC0-9657-97DE24F759A7}.Debug|Any CPU.Build.0 = Debug|Any CPU
		{97552FC4-DAD9-4DC0-9657-97DE24F759A7}.Debug|x64.ActiveCfg = Debug|Any CPU
		{97552FC4-DAD9-4DC0-9657-97DE24F759A7}.Debug|x64.Build.0 = Debug|Any CPU
		{97552FC4-DAD9-4DC0-9657-97DE24F759A7}.Debug|x86.ActiveCfg = Debug|Any CPU
		{97552FC4-DAD9-4DC0-9657-97DE24F759A7}.Debug|x86.Build.0 = Debug|Any CPU
		{97552FC4-DAD9-4DC0-9657-97DE24F759A7}.Release|Any CPU.ActiveCfg = Release|Any CPU
		{97552FC4-DAD9-4DC0-9657-97DE24F759A7}.Release|Any CPU.Build.0 = Release|Any CPU
		{97552FC4-DAD9-4DC0-9657-97DE24F759A7}.Release|x64.ActiveCfg = Release|Any CPU
		{97552FC4-DAD9-4DC0-9657-97DE24F759A7}.Release|x64.Build.0 = Release|Any CPU
		{97552FC4-DAD9-4DC0-9657-97DE24F759A7}.Release|x86.ActiveCfg = Release|Any CPU
		{97552FC4-DAD9-4DC0-9657-97DE24F759A7}.Release|x86.Build.0 = Release|Any CPU
		{732C0184-7585-4C39-AD0C-70F426E624EB}.Debug|Any CPU.ActiveCfg = Debug|Any CPU
		{732C0184-7585-4C39-AD0C-70F426E624EB}.Debug|Any CPU.Build.0 = Debug|Any CPU
		{732C0184-7585-4C39-AD0C-70F426E624EB}.Debug|x64.ActiveCfg = Debug|Any CPU
		{732C0184-7585-4C39-AD0C-70F426E624EB}.Debug|x64.Build.0 = Debug|Any CPU
		{732C0184-7585-4C39-AD0C-70F426E624EB}.Debug|x86.ActiveCfg = Debug|Any CPU
		{732C0184-7585-4C39-AD0C-70F426E624EB}.Debug|x86.Build.0 = Debug|Any CPU
		{732C0184-7585-4C39-AD0C-70F426E624EB}.Release|Any CPU.ActiveCfg = Release|Any CPU
		{732C0184-7585-4C39-AD0C-70F426E624EB}.Release|Any CPU.Build.0 = Release|Any CPU
		{732C0184-7585-4C39-AD0C-70F426E624EB}.Release|x64.ActiveCfg = Release|Any CPU
		{732C0184-7585-4C39-AD0C-70F426E624EB}.Release|x64.Build.0 = Release|Any CPU
		{732C0184-7585-4C39-AD0C-70F426E624EB}.Release|x86.ActiveCfg = Release|Any CPU
		{732C0184-7585-4C39-AD0C-70F426E624EB}.Release|x86.Build.0 = Release|Any CPU
		{8945FA92-4504-4237-99FE-E078997E0324}.Debug|Any CPU.ActiveCfg = Debug|Any CPU
		{8945FA92-4504-4237-99FE-E078997E0324}.Debug|Any CPU.Build.0 = Debug|Any CPU
		{8945FA92-4504-4237-99FE-E078997E0324}.Debug|x64.ActiveCfg = Debug|Any CPU
		{8945FA92-4504-4237-99FE-E078997E0324}.Debug|x64.Build.0 = Debug|Any CPU
		{8945FA92-4504-4237-99FE-E078997E0324}.Debug|x86.ActiveCfg = Debug|Any CPU
		{8945FA92-4504-4237-99FE-E078997E0324}.Debug|x86.Build.0 = Debug|Any CPU
		{8945FA92-4504-4237-99FE-E078997E0324}.Release|Any CPU.ActiveCfg = Release|Any CPU
		{8945FA92-4504-4237-99FE-E078997E0324}.Release|Any CPU.Build.0 = Release|Any CPU
		{8945FA92-4504-4237-99FE-E078997E0324}.Release|x64.ActiveCfg = Release|Any CPU
		{8945FA92-4504-4237-99FE-E078997E0324}.Release|x64.Build.0 = Release|Any CPU
		{8945FA92-4504-4237-99FE-E078997E0324}.Release|x86.ActiveCfg = Release|Any CPU
		{8945FA92-4504-4237-99FE-E078997E0324}.Release|x86.Build.0 = Release|Any CPU
		{FAA9ED65-7DCC-439D-8A9A-EDE7241EBA48}.Debug|Any CPU.ActiveCfg = Debug|Any CPU
		{FAA9ED65-7DCC-439D-8A9A-EDE7241EBA48}.Debug|Any CPU.Build.0 = Debug|Any CPU
		{FAA9ED65-7DCC-439D-8A9A-EDE7241EBA48}.Debug|x64.ActiveCfg = Debug|Any CPU
		{FAA9ED65-7DCC-439D-8A9A-EDE7241EBA48}.Debug|x64.Build.0 = Debug|Any CPU
		{FAA9ED65-7DCC-439D-8A9A-EDE7241EBA48}.Debug|x86.ActiveCfg = Debug|Any CPU
		{FAA9ED65-7DCC-439D-8A9A-EDE7241EBA48}.Debug|x86.Build.0 = Debug|Any CPU
		{FAA9ED65-7DCC-439D-8A9A-EDE7241EBA48}.Release|Any CPU.ActiveCfg = Release|Any CPU
		{FAA9ED65-7DCC-439D-8A9A-EDE7241EBA48}.Release|Any CPU.Build.0 = Release|Any CPU
		{FAA9ED65-7DCC-439D-8A9A-EDE7241EBA48}.Release|x64.ActiveCfg = Release|Any CPU
		{FAA9ED65-7DCC-439D-8A9A-EDE7241EBA48}.Release|x64.Build.0 = Release|Any CPU
		{FAA9ED65-7DCC-439D-8A9A-EDE7241EBA48}.Release|x86.ActiveCfg = Release|Any CPU
		{FAA9ED65-7DCC-439D-8A9A-EDE7241EBA48}.Release|x86.Build.0 = Release|Any CPU
		{7EDAC94D-8082-4029-911A-6B23EB43B7C1}.Debug|Any CPU.ActiveCfg = Debug|Any CPU
		{7EDAC94D-8082-4029-911A-6B23EB43B7C1}.Debug|Any CPU.Build.0 = Debug|Any CPU
		{7EDAC94D-8082-4029-911A-6B23EB43B7C1}.Debug|x64.ActiveCfg = Debug|Any CPU
		{7EDAC94D-8082-4029-911A-6B23EB43B7C1}.Debug|x64.Build.0 = Debug|Any CPU
		{7EDAC94D-8082-4029-911A-6B23EB43B7C1}.Debug|x86.ActiveCfg = Debug|Any CPU
		{7EDAC94D-8082-4029-911A-6B23EB43B7C1}.Debug|x86.Build.0 = Debug|Any CPU
		{7EDAC94D-8082-4029-911A-6B23EB43B7C1}.Release|Any CPU.ActiveCfg = Release|Any CPU
		{7EDAC94D-8082-4029-911A-6B23EB43B7C1}.Release|Any CPU.Build.0 = Release|Any CPU
		{7EDAC94D-8082-4029-911A-6B23EB43B7C1}.Release|x64.ActiveCfg = Release|Any CPU
		{7EDAC94D-8082-4029-911A-6B23EB43B7C1}.Release|x64.Build.0 = Release|Any CPU
		{7EDAC94D-8082-4029-911A-6B23EB43B7C1}.Release|x86.ActiveCfg = Release|Any CPU
		{7EDAC94D-8082-4029-911A-6B23EB43B7C1}.Release|x86.Build.0 = Release|Any CPU
		{3D2AED9F-AFAF-498B-A069-7DEE4E023068}.Debug|Any CPU.ActiveCfg = Debug|Any CPU
		{3D2AED9F-AFAF-498B-A069-7DEE4E023068}.Debug|Any CPU.Build.0 = Debug|Any CPU
		{3D2AED9F-AFAF-498B-A069-7DEE4E023068}.Debug|x64.ActiveCfg = Debug|Any CPU
		{3D2AED9F-AFAF-498B-A069-7DEE4E023068}.Debug|x64.Build.0 = Debug|Any CPU
		{3D2AED9F-AFAF-498B-A069-7DEE4E023068}.Debug|x86.ActiveCfg = Debug|Any CPU
		{3D2AED9F-AFAF-498B-A069-7DEE4E023068}.Debug|x86.Build.0 = Debug|Any CPU
		{3D2AED9F-AFAF-498B-A069-7DEE4E023068}.Release|Any CPU.ActiveCfg = Release|Any CPU
		{3D2AED9F-AFAF-498B-A069-7DEE4E023068}.Release|Any CPU.Build.0 = Release|Any CPU
		{3D2AED9F-AFAF-498B-A069-7DEE4E023068}.Release|x64.ActiveCfg = Release|Any CPU
		{3D2AED9F-AFAF-498B-A069-7DEE4E023068}.Release|x64.Build.0 = Release|Any CPU
		{3D2AED9F-AFAF-498B-A069-7DEE4E023068}.Release|x86.ActiveCfg = Release|Any CPU
		{3D2AED9F-AFAF-498B-A069-7DEE4E023068}.Release|x86.Build.0 = Release|Any CPU
		{33A08E76-44EF-4A3F-9AC8-CD44BB85180D}.Debug|Any CPU.ActiveCfg = Debug|Any CPU
		{33A08E76-44EF-4A3F-9AC8-CD44BB85180D}.Debug|Any CPU.Build.0 = Debug|Any CPU
		{33A08E76-44EF-4A3F-9AC8-CD44BB85180D}.Debug|x64.ActiveCfg = Debug|Any CPU
		{33A08E76-44EF-4A3F-9AC8-CD44BB85180D}.Debug|x64.Build.0 = Debug|Any CPU
		{33A08E76-44EF-4A3F-9AC8-CD44BB85180D}.Debug|x86.ActiveCfg = Debug|Any CPU
		{33A08E76-44EF-4A3F-9AC8-CD44BB85180D}.Debug|x86.Build.0 = Debug|Any CPU
		{33A08E76-44EF-4A3F-9AC8-CD44BB85180D}.Release|Any CPU.ActiveCfg = Release|Any CPU
		{33A08E76-44EF-4A3F-9AC8-CD44BB85180D}.Release|Any CPU.Build.0 = Release|Any CPU
		{33A08E76-44EF-4A3F-9AC8-CD44BB85180D}.Release|x64.ActiveCfg = Release|Any CPU
		{33A08E76-44EF-4A3F-9AC8-CD44BB85180D}.Release|x64.Build.0 = Release|Any CPU
		{33A08E76-44EF-4A3F-9AC8-CD44BB85180D}.Release|x86.ActiveCfg = Release|Any CPU
		{33A08E76-44EF-4A3F-9AC8-CD44BB85180D}.Release|x86.Build.0 = Release|Any CPU
	EndGlobalSection
	GlobalSection(SolutionProperties) = preSolution
		HideSolutionNode = FALSE
	EndGlobalSection
	GlobalSection(ExtensibilityGlobals) = postSolution
		SolutionGuid = {B38945AB-E815-4122-A1D2-EA13D4C32BD1}
	EndGlobalSection
EndGlobal
